// !$*UTF8*$!
{
	archiveVersion = 1;
	classes = {
	};
	objectVersion = 50;
	objects = {

/* Begin PBXBuildFile section */
		6AA9E33D22478CE30064D799 /* TaskTableViewController.swift in Sources */ = {isa = PBXBuildFile; fileRef = 6AA9E33C22478CE30064D799 /* TaskTableViewController.swift */; };
		6AA9E340224793720064D799 /* TaskTableViewCell.swift in Sources */ = {isa = PBXBuildFile; fileRef = 6AA9E33E224793720064D799 /* TaskTableViewCell.swift */; };
		6AA9E341224793720064D799 /* TaskTableViewCell.xib in Resources */ = {isa = PBXBuildFile; fileRef = 6AA9E33F224793720064D799 /* TaskTableViewCell.xib */; };
		6B63954DB043850AF2146611 /* Pods_UploaderTests.framework in Frameworks */ = {isa = PBXBuildFile; fileRef = 3FB5C142838D3AD99F677111 /* Pods_UploaderTests.framework */; };
		891B3DED22609C0500837D55 /* Task.swift in Sources */ = {isa = PBXBuildFile; fileRef = 891B3DEC22609C0500837D55 /* Task.swift */; };
		8927F6412254A7E7009B23BB /* TaskScheduler.swift in Sources */ = {isa = PBXBuildFile; fileRef = 8927F6402254A7E7009B23BB /* TaskScheduler.swift */; };
		8933F65723210EBF0052FB21 /* Atomic.swift in Sources */ = {isa = PBXBuildFile; fileRef = 8933F65623210EBF0052FB21 /* Atomic.swift */; };
		8954EEEE2249C65100976628 /* Tools.swift in Sources */ = {isa = PBXBuildFile; fileRef = 8954EEED2249C65100976628 /* Tools.swift */; };
		89D3FDFA22560ACE002C9C6F /* Extensions.swift in Sources */ = {isa = PBXBuildFile; fileRef = 89D3FDF922560ACE002C9C6F /* Extensions.swift */; };
		89DD7A782269DB9A00AFDE4E /* MockTask.swift in Sources */ = {isa = PBXBuildFile; fileRef = 89DD7A772269DB9A00AFDE4E /* MockTask.swift */; };
		89DD7A7A2269DC1400AFDE4E /* UploadTask.swift in Sources */ = {isa = PBXBuildFile; fileRef = 89DD7A792269DC1400AFDE4E /* UploadTask.swift */; };
		89DD7A7D2269DE0C00AFDE4E /* DownloadTask.swift in Sources */ = {isa = PBXBuildFile; fileRef = 89DD7A7C2269DE0C00AFDE4E /* DownloadTask.swift */; };
		89F16BB023263C0A006B9B11 /* GroupTaskCountObserver.swift in Sources */ = {isa = PBXBuildFile; fileRef = 89F16BAF23263C0A006B9B11 /* GroupTaskCountObserver.swift */; };
		89F215982244B8B8006675F7 /* AppDelegate.swift in Sources */ = {isa = PBXBuildFile; fileRef = 89F215972244B8B8006675F7 /* AppDelegate.swift */; };
		89F2159A2244B8B8006675F7 /* TaskTypeViewController.swift in Sources */ = {isa = PBXBuildFile; fileRef = 89F215992244B8B8006675F7 /* TaskTypeViewController.swift */; };
		89F2159D2244B8B8006675F7 /* Main.storyboard in Resources */ = {isa = PBXBuildFile; fileRef = 89F2159B2244B8B8006675F7 /* Main.storyboard */; };
		89F2159F2244B8B9006675F7 /* Assets.xcassets in Resources */ = {isa = PBXBuildFile; fileRef = 89F2159E2244B8B9006675F7 /* Assets.xcassets */; };
		89F215A22244B8B9006675F7 /* LaunchScreen.storyboard in Resources */ = {isa = PBXBuildFile; fileRef = 89F215A02244B8B9006675F7 /* LaunchScreen.storyboard */; };
		89F215AD2244B8B9006675F7 /* UploaderTests.swift in Sources */ = {isa = PBXBuildFile; fileRef = 89F215AC2244B8B9006675F7 /* UploaderTests.swift */; };
		89F215B82244B8B9006675F7 /* UploaderUITests.swift in Sources */ = {isa = PBXBuildFile; fileRef = 89F215B72244B8B9006675F7 /* UploaderUITests.swift */; };
		BB2102DEE5B76AB299D571EF /* Pods_UploaderUITests.framework in Frameworks */ = {isa = PBXBuildFile; fileRef = 05419EA4C130D65CBA524ABF /* Pods_UploaderUITests.framework */; };
		E923A4FF3954CBA58607958F /* Pods_Uploader.framework in Frameworks */ = {isa = PBXBuildFile; fileRef = 4931AFC72355B23F23CE406D /* Pods_Uploader.framework */; };
/* End PBXBuildFile section */

/* Begin PBXContainerItemProxy section */
		89F215A92244B8B9006675F7 /* PBXContainerItemProxy */ = {
			isa = PBXContainerItemProxy;
			containerPortal = 89F2158C2244B8B8006675F7 /* Project object */;
			proxyType = 1;
			remoteGlobalIDString = 89F215932244B8B8006675F7;
			remoteInfo = Uploader;
		};
		89F215B42244B8B9006675F7 /* PBXContainerItemProxy */ = {
			isa = PBXContainerItemProxy;
			containerPortal = 89F2158C2244B8B8006675F7 /* Project object */;
			proxyType = 1;
			remoteGlobalIDString = 89F215932244B8B8006675F7;
			remoteInfo = Uploader;
		};
/* End PBXContainerItemProxy section */

/* Begin PBXFileReference section */
		05419EA4C130D65CBA524ABF /* Pods_UploaderUITests.framework */ = {isa = PBXFileReference; explicitFileType = wrapper.framework; includeInIndex = 0; path = Pods_UploaderUITests.framework; sourceTree = BUILT_PRODUCTS_DIR; };
		0B468C4C2905E94FA88C4335 /* Pods-UploaderTests.release.xcconfig */ = {isa = PBXFileReference; includeInIndex = 1; lastKnownFileType = text.xcconfig; name = "Pods-UploaderTests.release.xcconfig"; path = "Target Support Files/Pods-UploaderTests/Pods-UploaderTests.release.xcconfig"; sourceTree = "<group>"; };
		28F49CE1067664CCAAE61C39 /* Pods-UploaderUITests.release.xcconfig */ = {isa = PBXFileReference; includeInIndex = 1; lastKnownFileType = text.xcconfig; name = "Pods-UploaderUITests.release.xcconfig"; path = "Target Support Files/Pods-UploaderUITests/Pods-UploaderUITests.release.xcconfig"; sourceTree = "<group>"; };
		3FA6838F34C78610981C4462 /* Pods-Uploader.debug.xcconfig */ = {isa = PBXFileReference; includeInIndex = 1; lastKnownFileType = text.xcconfig; name = "Pods-Uploader.debug.xcconfig"; path = "Target Support Files/Pods-Uploader/Pods-Uploader.debug.xcconfig"; sourceTree = "<group>"; };
		3FB5C142838D3AD99F677111 /* Pods_UploaderTests.framework */ = {isa = PBXFileReference; explicitFileType = wrapper.framework; includeInIndex = 0; path = Pods_UploaderTests.framework; sourceTree = BUILT_PRODUCTS_DIR; };
		4931AFC72355B23F23CE406D /* Pods_Uploader.framework */ = {isa = PBXFileReference; explicitFileType = wrapper.framework; includeInIndex = 0; path = Pods_Uploader.framework; sourceTree = BUILT_PRODUCTS_DIR; };
		6AA9E33C22478CE30064D799 /* TaskTableViewController.swift */ = {isa = PBXFileReference; lastKnownFileType = sourcecode.swift; path = TaskTableViewController.swift; sourceTree = "<group>"; };
		6AA9E33E224793720064D799 /* TaskTableViewCell.swift */ = {isa = PBXFileReference; lastKnownFileType = sourcecode.swift; path = TaskTableViewCell.swift; sourceTree = "<group>"; };
		6AA9E33F224793720064D799 /* TaskTableViewCell.xib */ = {isa = PBXFileReference; lastKnownFileType = file.xib; path = TaskTableViewCell.xib; sourceTree = "<group>"; };
		6C95FC1DBCD09BA82EC72783 /* Pods-UploaderTests.debug.xcconfig */ = {isa = PBXFileReference; includeInIndex = 1; lastKnownFileType = text.xcconfig; name = "Pods-UploaderTests.debug.xcconfig"; path = "Target Support Files/Pods-UploaderTests/Pods-UploaderTests.debug.xcconfig"; sourceTree = "<group>"; };
		891B3DEC22609C0500837D55 /* Task.swift */ = {isa = PBXFileReference; lastKnownFileType = sourcecode.swift; path = Task.swift; sourceTree = "<group>"; };
		8927F6402254A7E7009B23BB /* TaskScheduler.swift */ = {isa = PBXFileReference; lastKnownFileType = sourcecode.swift; path = TaskScheduler.swift; sourceTree = "<group>"; };
		8933F65623210EBF0052FB21 /* Atomic.swift */ = {isa = PBXFileReference; lastKnownFileType = sourcecode.swift; path = Atomic.swift; sourceTree = "<group>"; };
		8954EEED2249C65100976628 /* Tools.swift */ = {isa = PBXFileReference; lastKnownFileType = sourcecode.swift; path = Tools.swift; sourceTree = "<group>"; };
		89D3FDF922560ACE002C9C6F /* Extensions.swift */ = {isa = PBXFileReference; lastKnownFileType = sourcecode.swift; path = Extensions.swift; sourceTree = "<group>"; };
		89DD7A772269DB9A00AFDE4E /* MockTask.swift */ = {isa = PBXFileReference; lastKnownFileType = sourcecode.swift; path = MockTask.swift; sourceTree = "<group>"; };
		89DD7A792269DC1400AFDE4E /* UploadTask.swift */ = {isa = PBXFileReference; lastKnownFileType = sourcecode.swift; path = UploadTask.swift; sourceTree = "<group>"; };
		89DD7A7C2269DE0C00AFDE4E /* DownloadTask.swift */ = {isa = PBXFileReference; lastKnownFileType = sourcecode.swift; path = DownloadTask.swift; sourceTree = "<group>"; };
		89F16BAF23263C0A006B9B11 /* GroupTaskCountObserver.swift */ = {isa = PBXFileReference; lastKnownFileType = sourcecode.swift; path = GroupTaskCountObserver.swift; sourceTree = "<group>"; };
		89F215942244B8B8006675F7 /* Uploader.app */ = {isa = PBXFileReference; explicitFileType = wrapper.application; includeInIndex = 0; path = Uploader.app; sourceTree = BUILT_PRODUCTS_DIR; };
		89F215972244B8B8006675F7 /* AppDelegate.swift */ = {isa = PBXFileReference; lastKnownFileType = sourcecode.swift; path = AppDelegate.swift; sourceTree = "<group>"; };
		89F215992244B8B8006675F7 /* TaskTypeViewController.swift */ = {isa = PBXFileReference; lastKnownFileType = sourcecode.swift; path = TaskTypeViewController.swift; sourceTree = "<group>"; };
		89F2159C2244B8B8006675F7 /* Base */ = {isa = PBXFileReference; lastKnownFileType = file.storyboard; name = Base; path = Base.lproj/Main.storyboard; sourceTree = "<group>"; };
		89F2159E2244B8B9006675F7 /* Assets.xcassets */ = {isa = PBXFileReference; lastKnownFileType = folder.assetcatalog; path = Assets.xcassets; sourceTree = "<group>"; };
		89F215A12244B8B9006675F7 /* Base */ = {isa = PBXFileReference; lastKnownFileType = file.storyboard; name = Base; path = Base.lproj/LaunchScreen.storyboard; sourceTree = "<group>"; };
		89F215A32244B8B9006675F7 /* Info.plist */ = {isa = PBXFileReference; lastKnownFileType = text.plist.xml; path = Info.plist; sourceTree = "<group>"; };
		89F215A82244B8B9006675F7 /* UploaderTests.xctest */ = {isa = PBXFileReference; explicitFileType = wrapper.cfbundle; includeInIndex = 0; path = UploaderTests.xctest; sourceTree = BUILT_PRODUCTS_DIR; };
		89F215AC2244B8B9006675F7 /* UploaderTests.swift */ = {isa = PBXFileReference; lastKnownFileType = sourcecode.swift; path = UploaderTests.swift; sourceTree = "<group>"; };
		89F215AE2244B8B9006675F7 /* Info.plist */ = {isa = PBXFileReference; lastKnownFileType = text.plist.xml; path = Info.plist; sourceTree = "<group>"; };
		89F215B32244B8B9006675F7 /* UploaderUITests.xctest */ = {isa = PBXFileReference; explicitFileType = wrapper.cfbundle; includeInIndex = 0; path = UploaderUITests.xctest; sourceTree = BUILT_PRODUCTS_DIR; };
		89F215B72244B8B9006675F7 /* UploaderUITests.swift */ = {isa = PBXFileReference; lastKnownFileType = sourcecode.swift; path = UploaderUITests.swift; sourceTree = "<group>"; };
		89F215B92244B8B9006675F7 /* Info.plist */ = {isa = PBXFileReference; lastKnownFileType = text.plist.xml; path = Info.plist; sourceTree = "<group>"; };
		A9784C84631D480BE8206B85 /* Pods-Uploader.release.xcconfig */ = {isa = PBXFileReference; includeInIndex = 1; lastKnownFileType = text.xcconfig; name = "Pods-Uploader.release.xcconfig"; path = "Target Support Files/Pods-Uploader/Pods-Uploader.release.xcconfig"; sourceTree = "<group>"; };
		B1B5DECFC4FF636AE1901254 /* Pods-UploaderUITests.debug.xcconfig */ = {isa = PBXFileReference; includeInIndex = 1; lastKnownFileType = text.xcconfig; name = "Pods-UploaderUITests.debug.xcconfig"; path = "Target Support Files/Pods-UploaderUITests/Pods-UploaderUITests.debug.xcconfig"; sourceTree = "<group>"; };
/* End PBXFileReference section */

/* Begin PBXFrameworksBuildPhase section */
		89F215912244B8B8006675F7 /* Frameworks */ = {
			isa = PBXFrameworksBuildPhase;
			buildActionMask = 2147483647;
			files = (
				E923A4FF3954CBA58607958F /* Pods_Uploader.framework in Frameworks */,
			);
			runOnlyForDeploymentPostprocessing = 0;
		};
		89F215A52244B8B9006675F7 /* Frameworks */ = {
			isa = PBXFrameworksBuildPhase;
			buildActionMask = 2147483647;
			files = (
				6B63954DB043850AF2146611 /* Pods_UploaderTests.framework in Frameworks */,
			);
			runOnlyForDeploymentPostprocessing = 0;
		};
		89F215B02244B8B9006675F7 /* Frameworks */ = {
			isa = PBXFrameworksBuildPhase;
			buildActionMask = 2147483647;
			files = (
				BB2102DEE5B76AB299D571EF /* Pods_UploaderUITests.framework in Frameworks */,
			);
			runOnlyForDeploymentPostprocessing = 0;
		};
/* End PBXFrameworksBuildPhase section */

/* Begin PBXGroup section */
		12DF69E142CA4DBEA0EF66F1 /* Pods */ = {
			isa = PBXGroup;
			children = (
				3FA6838F34C78610981C4462 /* Pods-Uploader.debug.xcconfig */,
				A9784C84631D480BE8206B85 /* Pods-Uploader.release.xcconfig */,
				6C95FC1DBCD09BA82EC72783 /* Pods-UploaderTests.debug.xcconfig */,
				0B468C4C2905E94FA88C4335 /* Pods-UploaderTests.release.xcconfig */,
				B1B5DECFC4FF636AE1901254 /* Pods-UploaderUITests.debug.xcconfig */,
				28F49CE1067664CCAAE61C39 /* Pods-UploaderUITests.release.xcconfig */,
			);
			path = Pods;
			sourceTree = "<group>";
		};
		5E3411508F988CDB7CA0DF05 /* Frameworks */ = {
			isa = PBXGroup;
			children = (
				4931AFC72355B23F23CE406D /* Pods_Uploader.framework */,
				3FB5C142838D3AD99F677111 /* Pods_UploaderTests.framework */,
				05419EA4C130D65CBA524ABF /* Pods_UploaderUITests.framework */,
			);
			name = Frameworks;
			sourceTree = "<group>";
		};
		6AA9E342224793AF0064D799 /* Supporting Files */ = {
			isa = PBXGroup;
			children = (
				89F2159E2244B8B9006675F7 /* Assets.xcassets */,
				89F215A02244B8B9006675F7 /* LaunchScreen.storyboard */,
			);
			path = "Supporting Files";
			sourceTree = "<group>";
		};
		891B3DEB22609BE900837D55 /* Task */ = {
			isa = PBXGroup;
			children = (
				891B3DEC22609C0500837D55 /* Task.swift */,
				89DD7A772269DB9A00AFDE4E /* MockTask.swift */,
				89DD7A7C2269DE0C00AFDE4E /* DownloadTask.swift */,
				89DD7A792269DC1400AFDE4E /* UploadTask.swift */,
			);
			path = Task;
			sourceTree = "<group>";
		};
		8933F65523210EB40052FB21 /* Atomic */ = {
			isa = PBXGroup;
			children = (
				8933F65623210EBF0052FB21 /* Atomic.swift */,
			);
			path = Atomic;
			sourceTree = "<group>";
		};
		89DD7A7B2269DC9500AFDE4E /* TaskScheduler */ = {
			isa = PBXGroup;
			children = (
				8927F6402254A7E7009B23BB /* TaskScheduler.swift */,
			);
			path = TaskScheduler;
			sourceTree = "<group>";
		};
		89F2158B2244B8B8006675F7 = {
			isa = PBXGroup;
			children = (
				89F215962244B8B8006675F7 /* Uploader */,
				89F215AB2244B8B9006675F7 /* UploaderTests */,
				89F215B62244B8B9006675F7 /* UploaderUITests */,
				89F215952244B8B8006675F7 /* Products */,
				12DF69E142CA4DBEA0EF66F1 /* Pods */,
				5E3411508F988CDB7CA0DF05 /* Frameworks */,
			);
			sourceTree = "<group>";
		};
		89F215952244B8B8006675F7 /* Products */ = {
			isa = PBXGroup;
			children = (
				89F215942244B8B8006675F7 /* Uploader.app */,
				89F215A82244B8B9006675F7 /* UploaderTests.xctest */,
				89F215B32244B8B9006675F7 /* UploaderUITests.xctest */,
			);
			name = Products;
			sourceTree = "<group>";
		};
		89F215962244B8B8006675F7 /* Uploader */ = {
			isa = PBXGroup;
			children = (
				8933F65523210EB40052FB21 /* Atomic */,
				89DD7A7B2269DC9500AFDE4E /* TaskScheduler */,
				891B3DEB22609BE900837D55 /* Task */,
				6AA9E342224793AF0064D799 /* Supporting Files */,
				89F215A32244B8B9006675F7 /* Info.plist */,
				89F215972244B8B8006675F7 /* AppDelegate.swift */,
				89F215992244B8B8006675F7 /* TaskTypeViewController.swift */,
				6AA9E33C22478CE30064D799 /* TaskTableViewController.swift */,
				6AA9E33E224793720064D799 /* TaskTableViewCell.swift */,
				6AA9E33F224793720064D799 /* TaskTableViewCell.xib */,
				89F2159B2244B8B8006675F7 /* Main.storyboard */,
				8954EEED2249C65100976628 /* Tools.swift */,
				89D3FDF922560ACE002C9C6F /* Extensions.swift */,
				89F16BAF23263C0A006B9B11 /* GroupTaskCountObserver.swift */,
			);
			path = Uploader;
			sourceTree = "<group>";
		};
		89F215AB2244B8B9006675F7 /* UploaderTests */ = {
			isa = PBXGroup;
			children = (
				89F215AC2244B8B9006675F7 /* UploaderTests.swift */,
				89F215AE2244B8B9006675F7 /* Info.plist */,
			);
			path = UploaderTests;
			sourceTree = "<group>";
		};
		89F215B62244B8B9006675F7 /* UploaderUITests */ = {
			isa = PBXGroup;
			children = (
				89F215B72244B8B9006675F7 /* UploaderUITests.swift */,
				89F215B92244B8B9006675F7 /* Info.plist */,
			);
			path = UploaderUITests;
			sourceTree = "<group>";
		};
/* End PBXGroup section */

/* Begin PBXNativeTarget section */
		89F215932244B8B8006675F7 /* Uploader */ = {
			isa = PBXNativeTarget;
			buildConfigurationList = 89F215BC2244B8B9006675F7 /* Build configuration list for PBXNativeTarget "Uploader" */;
			buildPhases = (
				71F1C7B0111B9A5FDED1E519 /* [CP] Check Pods Manifest.lock */,
				89F215902244B8B8006675F7 /* Sources */,
				89F215912244B8B8006675F7 /* Frameworks */,
				89F215922244B8B8006675F7 /* Resources */,
			);
			buildRules = (
			);
			dependencies = (
			);
			name = Uploader;
			productName = Uploader;
			productReference = 89F215942244B8B8006675F7 /* Uploader.app */;
			productType = "com.apple.product-type.application";
		};
		89F215A72244B8B9006675F7 /* UploaderTests */ = {
			isa = PBXNativeTarget;
			buildConfigurationList = 89F215BF2244B8B9006675F7 /* Build configuration list for PBXNativeTarget "UploaderTests" */;
			buildPhases = (
				225B6E637A5A1259ABF4ECA2 /* [CP] Check Pods Manifest.lock */,
				89F215A42244B8B9006675F7 /* Sources */,
				89F215A52244B8B9006675F7 /* Frameworks */,
				89F215A62244B8B9006675F7 /* Resources */,
			);
			buildRules = (
			);
			dependencies = (
				89F215AA2244B8B9006675F7 /* PBXTargetDependency */,
			);
			name = UploaderTests;
			productName = UploaderTests;
			productReference = 89F215A82244B8B9006675F7 /* UploaderTests.xctest */;
			productType = "com.apple.product-type.bundle.unit-test";
		};
		89F215B22244B8B9006675F7 /* UploaderUITests */ = {
			isa = PBXNativeTarget;
			buildConfigurationList = 89F215C22244B8B9006675F7 /* Build configuration list for PBXNativeTarget "UploaderUITests" */;
			buildPhases = (
				4D2574B52D6B29DF73072A86 /* [CP] Check Pods Manifest.lock */,
				89F215AF2244B8B9006675F7 /* Sources */,
				89F215B02244B8B9006675F7 /* Frameworks */,
				89F215B12244B8B9006675F7 /* Resources */,
			);
			buildRules = (
			);
			dependencies = (
				89F215B52244B8B9006675F7 /* PBXTargetDependency */,
			);
			name = UploaderUITests;
			productName = UploaderUITests;
			productReference = 89F215B32244B8B9006675F7 /* UploaderUITests.xctest */;
			productType = "com.apple.product-type.bundle.ui-testing";
		};
/* End PBXNativeTarget section */

/* Begin PBXProject section */
		89F2158C2244B8B8006675F7 /* Project object */ = {
			isa = PBXProject;
			attributes = {
				LastSwiftUpdateCheck = 1010;
				LastUpgradeCheck = 1010;
				ORGANIZATIONNAME = fshen;
				TargetAttributes = {
					89F215932244B8B8006675F7 = {
						CreatedOnToolsVersion = 10.1;
					};
					89F215A72244B8B9006675F7 = {
						CreatedOnToolsVersion = 10.1;
						TestTargetID = 89F215932244B8B8006675F7;
					};
					89F215B22244B8B9006675F7 = {
						CreatedOnToolsVersion = 10.1;
						TestTargetID = 89F215932244B8B8006675F7;
					};
				};
			};
			buildConfigurationList = 89F2158F2244B8B8006675F7 /* Build configuration list for PBXProject "Uploader" */;
			compatibilityVersion = "Xcode 9.3";
			developmentRegion = en;
			hasScannedForEncodings = 0;
			knownRegions = (
				en,
				Base,
			);
			mainGroup = 89F2158B2244B8B8006675F7;
			productRefGroup = 89F215952244B8B8006675F7 /* Products */;
			projectDirPath = "";
			projectRoot = "";
			targets = (
				89F215932244B8B8006675F7 /* Uploader */,
				89F215A72244B8B9006675F7 /* UploaderTests */,
				89F215B22244B8B9006675F7 /* UploaderUITests */,
			);
		};
/* End PBXProject section */

/* Begin PBXResourcesBuildPhase section */
		89F215922244B8B8006675F7 /* Resources */ = {
			isa = PBXResourcesBuildPhase;
			buildActionMask = 2147483647;
			files = (
				6AA9E341224793720064D799 /* TaskTableViewCell.xib in Resources */,
				89F215A22244B8B9006675F7 /* LaunchScreen.storyboard in Resources */,
				89F2159F2244B8B9006675F7 /* Assets.xcassets in Resources */,
				89F2159D2244B8B8006675F7 /* Main.storyboard in Resources */,
			);
			runOnlyForDeploymentPostprocessing = 0;
		};
		89F215A62244B8B9006675F7 /* Resources */ = {
			isa = PBXResourcesBuildPhase;
			buildActionMask = 2147483647;
			files = (
			);
			runOnlyForDeploymentPostprocessing = 0;
		};
		89F215B12244B8B9006675F7 /* Resources */ = {
			isa = PBXResourcesBuildPhase;
			buildActionMask = 2147483647;
			files = (
			);
			runOnlyForDeploymentPostprocessing = 0;
		};
/* End PBXResourcesBuildPhase section */

/* Begin PBXShellScriptBuildPhase section */
		225B6E637A5A1259ABF4ECA2 /* [CP] Check Pods Manifest.lock */ = {
			isa = PBXShellScriptBuildPhase;
			buildActionMask = 2147483647;
			files = (
			);
			inputFileListPaths = (
			);
			inputPaths = (
				"${PODS_PODFILE_DIR_PATH}/Podfile.lock",
				"${PODS_ROOT}/Manifest.lock",
			);
			name = "[CP] Check Pods Manifest.lock";
			outputFileListPaths = (
			);
			outputPaths = (
				"$(DERIVED_FILE_DIR)/Pods-UploaderTests-checkManifestLockResult.txt",
			);
			runOnlyForDeploymentPostprocessing = 0;
			shellPath = /bin/sh;
			shellScript = "diff \"${PODS_PODFILE_DIR_PATH}/Podfile.lock\" \"${PODS_ROOT}/Manifest.lock\" > /dev/null\nif [ $? != 0 ] ; then\n    # print error to STDERR\n    echo \"error: The sandbox is not in sync with the Podfile.lock. Run 'pod install' or update your CocoaPods installation.\" >&2\n    exit 1\nfi\n# This output is used by Xcode 'outputs' to avoid re-running this script phase.\necho \"SUCCESS\" > \"${SCRIPT_OUTPUT_FILE_0}\"\n";
			showEnvVarsInLog = 0;
		};
		4D2574B52D6B29DF73072A86 /* [CP] Check Pods Manifest.lock */ = {
			isa = PBXShellScriptBuildPhase;
			buildActionMask = 2147483647;
			files = (
			);
			inputFileListPaths = (
			);
			inputPaths = (
				"${PODS_PODFILE_DIR_PATH}/Podfile.lock",
				"${PODS_ROOT}/Manifest.lock",
			);
			name = "[CP] Check Pods Manifest.lock";
			outputFileListPaths = (
			);
			outputPaths = (
				"$(DERIVED_FILE_DIR)/Pods-UploaderUITests-checkManifestLockResult.txt",
			);
			runOnlyForDeploymentPostprocessing = 0;
			shellPath = /bin/sh;
			shellScript = "diff \"${PODS_PODFILE_DIR_PATH}/Podfile.lock\" \"${PODS_ROOT}/Manifest.lock\" > /dev/null\nif [ $? != 0 ] ; then\n    # print error to STDERR\n    echo \"error: The sandbox is not in sync with the Podfile.lock. Run 'pod install' or update your CocoaPods installation.\" >&2\n    exit 1\nfi\n# This output is used by Xcode 'outputs' to avoid re-running this script phase.\necho \"SUCCESS\" > \"${SCRIPT_OUTPUT_FILE_0}\"\n";
			showEnvVarsInLog = 0;
		};
		71F1C7B0111B9A5FDED1E519 /* [CP] Check Pods Manifest.lock */ = {
			isa = PBXShellScriptBuildPhase;
			buildActionMask = 2147483647;
			files = (
			);
			inputFileListPaths = (
			);
			inputPaths = (
				"${PODS_PODFILE_DIR_PATH}/Podfile.lock",
				"${PODS_ROOT}/Manifest.lock",
			);
			name = "[CP] Check Pods Manifest.lock";
			outputFileListPaths = (
			);
			outputPaths = (
				"$(DERIVED_FILE_DIR)/Pods-Uploader-checkManifestLockResult.txt",
			);
			runOnlyForDeploymentPostprocessing = 0;
			shellPath = /bin/sh;
			shellScript = "diff \"${PODS_PODFILE_DIR_PATH}/Podfile.lock\" \"${PODS_ROOT}/Manifest.lock\" > /dev/null\nif [ $? != 0 ] ; then\n    # print error to STDERR\n    echo \"error: The sandbox is not in sync with the Podfile.lock. Run 'pod install' or update your CocoaPods installation.\" >&2\n    exit 1\nfi\n# This output is used by Xcode 'outputs' to avoid re-running this script phase.\necho \"SUCCESS\" > \"${SCRIPT_OUTPUT_FILE_0}\"\n";
			showEnvVarsInLog = 0;
		};
/* End PBXShellScriptBuildPhase section */

/* Begin PBXSourcesBuildPhase section */
		89F215902244B8B8006675F7 /* Sources */ = {
			isa = PBXSourcesBuildPhase;
			buildActionMask = 2147483647;
			files = (
				89F2159A2244B8B8006675F7 /* TaskTypeViewController.swift in Sources */,
				89D3FDFA22560ACE002C9C6F /* Extensions.swift in Sources */,
				891B3DED22609C0500837D55 /* Task.swift in Sources */,
				89F215982244B8B8006675F7 /* AppDelegate.swift in Sources */,
				8933F65723210EBF0052FB21 /* Atomic.swift in Sources */,
				89F16BB023263C0A006B9B11 /* GroupTaskCountObserver.swift in Sources */,
				8927F6412254A7E7009B23BB /* TaskScheduler.swift in Sources */,
				6AA9E340224793720064D799 /* TaskTableViewCell.swift in Sources */,
				8954EEEE2249C65100976628 /* Tools.swift in Sources */,
				89DD7A7D2269DE0C00AFDE4E /* DownloadTask.swift in Sources */,
				89DD7A782269DB9A00AFDE4E /* MockTask.swift in Sources */,
				6AA9E33D22478CE30064D799 /* TaskTableViewController.swift in Sources */,
				89DD7A7A2269DC1400AFDE4E /* UploadTask.swift in Sources */,
			);
			runOnlyForDeploymentPostprocessing = 0;
		};
		89F215A42244B8B9006675F7 /* Sources */ = {
			isa = PBXSourcesBuildPhase;
			buildActionMask = 2147483647;
			files = (
				89F215AD2244B8B9006675F7 /* UploaderTests.swift in Sources */,
			);
			runOnlyForDeploymentPostprocessing = 0;
		};
		89F215AF2244B8B9006675F7 /* Sources */ = {
			isa = PBXSourcesBuildPhase;
			buildActionMask = 2147483647;
			files = (
				89F215B82244B8B9006675F7 /* UploaderUITests.swift in Sources */,
			);
			runOnlyForDeploymentPostprocessing = 0;
		};
/* End PBXSourcesBuildPhase section */

/* Begin PBXTargetDependency section */
		89F215AA2244B8B9006675F7 /* PBXTargetDependency */ = {
			isa = PBXTargetDependency;
			target = 89F215932244B8B8006675F7 /* Uploader */;
			targetProxy = 89F215A92244B8B9006675F7 /* PBXContainerItemProxy */;
		};
		89F215B52244B8B9006675F7 /* PBXTargetDependency */ = {
			isa = PBXTargetDependency;
			target = 89F215932244B8B8006675F7 /* Uploader */;
			targetProxy = 89F215B42244B8B9006675F7 /* PBXContainerItemProxy */;
		};
/* End PBXTargetDependency section */

/* Begin PBXVariantGroup section */
		89F2159B2244B8B8006675F7 /* Main.storyboard */ = {
			isa = PBXVariantGroup;
			children = (
				89F2159C2244B8B8006675F7 /* Base */,
			);
			name = Main.storyboard;
			sourceTree = "<group>";
		};
		89F215A02244B8B9006675F7 /* LaunchScreen.storyboard */ = {
			isa = PBXVariantGroup;
			children = (
				89F215A12244B8B9006675F7 /* Base */,
			);
			name = LaunchScreen.storyboard;
			sourceTree = "<group>";
		};
/* End PBXVariantGroup section */

/* Begin XCBuildConfiguration section */
		89F215BA2244B8B9006675F7 /* Debug */ = {
			isa = XCBuildConfiguration;
			buildSettings = {
				ALWAYS_SEARCH_USER_PATHS = NO;
				CLANG_ANALYZER_NONNULL = YES;
				CLANG_ANALYZER_NUMBER_OBJECT_CONVERSION = YES_AGGRESSIVE;
				CLANG_CXX_LANGUAGE_STANDARD = "gnu++14";
				CLANG_CXX_LIBRARY = "libc++";
				CLANG_ENABLE_MODULES = YES;
				CLANG_ENABLE_OBJC_ARC = YES;
				CLANG_ENABLE_OBJC_WEAK = YES;
				CLANG_WARN_BLOCK_CAPTURE_AUTORELEASING = YES;
				CLANG_WARN_BOOL_CONVERSION = YES;
				CLANG_WARN_COMMA = YES;
				CLANG_WARN_CONSTANT_CONVERSION = YES;
				CLANG_WARN_DEPRECATED_OBJC_IMPLEMENTATIONS = YES;
				CLANG_WARN_DIRECT_OBJC_ISA_USAGE = YES_ERROR;
				CLANG_WARN_DOCUMENTATION_COMMENTS = YES;
				CLANG_WARN_EMPTY_BODY = YES;
				CLANG_WARN_ENUM_CONVERSION = YES;
				CLANG_WARN_INFINITE_RECURSION = YES;
				CLANG_WARN_INT_CONVERSION = YES;
				CLANG_WARN_NON_LITERAL_NULL_CONVERSION = YES;
				CLANG_WARN_OBJC_IMPLICIT_RETAIN_SELF = YES;
				CLANG_WARN_OBJC_LITERAL_CONVERSION = YES;
				CLANG_WARN_OBJC_ROOT_CLASS = YES_ERROR;
				CLANG_WARN_RANGE_LOOP_ANALYSIS = YES;
				CLANG_WARN_STRICT_PROTOTYPES = YES;
				CLANG_WARN_SUSPICIOUS_MOVE = YES;
				CLANG_WARN_UNGUARDED_AVAILABILITY = YES_AGGRESSIVE;
				CLANG_WARN_UNREACHABLE_CODE = YES;
				CLANG_WARN__DUPLICATE_METHOD_MATCH = YES;
				CODE_SIGN_IDENTITY = "iPhone Developer";
				COPY_PHASE_STRIP = NO;
				DEBUG_INFORMATION_FORMAT = dwarf;
				ENABLE_STRICT_OBJC_MSGSEND = YES;
				ENABLE_TESTABILITY = YES;
				GCC_C_LANGUAGE_STANDARD = gnu11;
				GCC_DYNAMIC_NO_PIC = NO;
				GCC_NO_COMMON_BLOCKS = YES;
				GCC_OPTIMIZATION_LEVEL = 0;
				GCC_PREPROCESSOR_DEFINITIONS = (
					"DEBUG=1",
					"$(inherited)",
				);
				GCC_WARN_64_TO_32_BIT_CONVERSION = YES;
				GCC_WARN_ABOUT_RETURN_TYPE = YES_ERROR;
				GCC_WARN_UNDECLARED_SELECTOR = YES;
				GCC_WARN_UNINITIALIZED_AUTOS = YES_AGGRESSIVE;
				GCC_WARN_UNUSED_FUNCTION = YES;
				GCC_WARN_UNUSED_VARIABLE = YES;
				IPHONEOS_DEPLOYMENT_TARGET = 12.1;
				MTL_ENABLE_DEBUG_INFO = INCLUDE_SOURCE;
				MTL_FAST_MATH = YES;
				ONLY_ACTIVE_ARCH = YES;
				SDKROOT = iphoneos;
				SWIFT_ACTIVE_COMPILATION_CONDITIONS = DEBUG;
				SWIFT_OPTIMIZATION_LEVEL = "-Onone";
			};
			name = Debug;
		};
		89F215BB2244B8B9006675F7 /* Release */ = {
			isa = XCBuildConfiguration;
			buildSettings = {
				ALWAYS_SEARCH_USER_PATHS = NO;
				CLANG_ANALYZER_NONNULL = YES;
				CLANG_ANALYZER_NUMBER_OBJECT_CONVERSION = YES_AGGRESSIVE;
				CLANG_CXX_LANGUAGE_STANDARD = "gnu++14";
				CLANG_CXX_LIBRARY = "libc++";
				CLANG_ENABLE_MODULES = YES;
				CLANG_ENABLE_OBJC_ARC = YES;
				CLANG_ENABLE_OBJC_WEAK = YES;
				CLANG_WARN_BLOCK_CAPTURE_AUTORELEASING = YES;
				CLANG_WARN_BOOL_CONVERSION = YES;
				CLANG_WARN_COMMA = YES;
				CLANG_WARN_CONSTANT_CONVERSION = YES;
				CLANG_WARN_DEPRECATED_OBJC_IMPLEMENTATIONS = YES;
				CLANG_WARN_DIRECT_OBJC_ISA_USAGE = YES_ERROR;
				CLANG_WARN_DOCUMENTATION_COMMENTS = YES;
				CLANG_WARN_EMPTY_BODY = YES;
				CLANG_WARN_ENUM_CONVERSION = YES;
				CLANG_WARN_INFINITE_RECURSION = YES;
				CLANG_WARN_INT_CONVERSION = YES;
				CLANG_WARN_NON_LITERAL_NULL_CONVERSION = YES;
				CLANG_WARN_OBJC_IMPLICIT_RETAIN_SELF = YES;
				CLANG_WARN_OBJC_LITERAL_CONVERSION = YES;
				CLANG_WARN_OBJC_ROOT_CLASS = YES_ERROR;
				CLANG_WARN_RANGE_LOOP_ANALYSIS = YES;
				CLANG_WARN_STRICT_PROTOTYPES = YES;
				CLANG_WARN_SUSPICIOUS_MOVE = YES;
				CLANG_WARN_UNGUARDED_AVAILABILITY = YES_AGGRESSIVE;
				CLANG_WARN_UNREACHABLE_CODE = YES;
				CLANG_WARN__DUPLICATE_METHOD_MATCH = YES;
				CODE_SIGN_IDENTITY = "iPhone Developer";
				COPY_PHASE_STRIP = NO;
				DEBUG_INFORMATION_FORMAT = "dwarf-with-dsym";
				ENABLE_NS_ASSERTIONS = NO;
				ENABLE_STRICT_OBJC_MSGSEND = YES;
				GCC_C_LANGUAGE_STANDARD = gnu11;
				GCC_NO_COMMON_BLOCKS = YES;
				GCC_WARN_64_TO_32_BIT_CONVERSION = YES;
				GCC_WARN_ABOUT_RETURN_TYPE = YES_ERROR;
				GCC_WARN_UNDECLARED_SELECTOR = YES;
				GCC_WARN_UNINITIALIZED_AUTOS = YES_AGGRESSIVE;
				GCC_WARN_UNUSED_FUNCTION = YES;
				GCC_WARN_UNUSED_VARIABLE = YES;
				IPHONEOS_DEPLOYMENT_TARGET = 12.1;
				MTL_ENABLE_DEBUG_INFO = NO;
				MTL_FAST_MATH = YES;
				SDKROOT = iphoneos;
				SWIFT_COMPILATION_MODE = wholemodule;
				SWIFT_OPTIMIZATION_LEVEL = "-O";
				VALIDATE_PRODUCT = YES;
			};
			name = Release;
		};
		89F215BD2244B8B9006675F7 /* Debug */ = {
			isa = XCBuildConfiguration;
			baseConfigurationReference = 3FA6838F34C78610981C4462 /* Pods-Uploader.debug.xcconfig */;
			buildSettings = {
				ASSETCATALOG_COMPILER_APPICON_NAME = AppIcon;
				CODE_SIGN_STYLE = Automatic;
				DEVELOPMENT_TEAM = 3JF38H23W8;
				INFOPLIST_FILE = Uploader/Info.plist;
				LD_RUNPATH_SEARCH_PATHS = (
					"$(inherited)",
					"@executable_path/Frameworks",
				);
				PRODUCT_BUNDLE_IDENTIFIER = com.ficow.Uploader;
				PRODUCT_NAME = "$(TARGET_NAME)";
				SWIFT_VERSION = 4.2;
				TARGETED_DEVICE_FAMILY = "1,2";
			};
			name = Debug;
		};
		89F215BE2244B8B9006675F7 /* Release */ = {
			isa = XCBuildConfiguration;
			baseConfigurationReference = A9784C84631D480BE8206B85 /* Pods-Uploader.release.xcconfig */;
			buildSettings = {
				ASSETCATALOG_COMPILER_APPICON_NAME = AppIcon;
				CODE_SIGN_STYLE = Automatic;
				DEVELOPMENT_TEAM = 3JF38H23W8;
				INFOPLIST_FILE = Uploader/Info.plist;
				LD_RUNPATH_SEARCH_PATHS = (
					"$(inherited)",
					"@executable_path/Frameworks",
				);
				PRODUCT_BUNDLE_IDENTIFIER = com.ficow.Uploader;
				PRODUCT_NAME = "$(TARGET_NAME)";
				SWIFT_VERSION = 4.2;
				TARGETED_DEVICE_FAMILY = "1,2";
			};
			name = Release;
		};
		89F215C02244B8B9006675F7 /* Debug */ = {
			isa = XCBuildConfiguration;
			baseConfigurationReference = 6C95FC1DBCD09BA82EC72783 /* Pods-UploaderTests.debug.xcconfig */;
			buildSettings = {
				ALWAYS_EMBED_SWIFT_STANDARD_LIBRARIES = YES;
				BUNDLE_LOADER = "$(TEST_HOST)";
				CODE_SIGN_STYLE = Automatic;
				INFOPLIST_FILE = UploaderTests/Info.plist;
				LD_RUNPATH_SEARCH_PATHS = (
					"$(inherited)",
					"@executable_path/Frameworks",
					"@loader_path/Frameworks",
				);
				PRODUCT_BUNDLE_IDENTIFIER = com.ficow.UploaderTests;
				PRODUCT_NAME = "$(TARGET_NAME)";
				SWIFT_VERSION = 4.2;
				TARGETED_DEVICE_FAMILY = "1,2";
				TEST_HOST = "$(BUILT_PRODUCTS_DIR)/Uploader.app/Uploader";
			};
			name = Debug;
		};
		89F215C12244B8B9006675F7 /* Release */ = {
			isa = XCBuildConfiguration;
			baseConfigurationReference = 0B468C4C2905E94FA88C4335 /* Pods-UploaderTests.release.xcconfig */;
			buildSettings = {
				ALWAYS_EMBED_SWIFT_STANDARD_LIBRARIES = YES;
				BUNDLE_LOADER = "$(TEST_HOST)";
				CODE_SIGN_STYLE = Automatic;
				INFOPLIST_FILE = UploaderTests/Info.plist;
				LD_RUNPATH_SEARCH_PATHS = (
					"$(inherited)",
					"@executable_path/Frameworks",
					"@loader_path/Frameworks",
				);
				PRODUCT_BUNDLE_IDENTIFIER = com.ficow.UploaderTests;
				PRODUCT_NAME = "$(TARGET_NAME)";
				SWIFT_VERSION = 4.2;
				TARGETED_DEVICE_FAMILY = "1,2";
				TEST_HOST = "$(BUILT_PRODUCTS_DIR)/Uploader.app/Uploader";
			};
			name = Release;
		};
		89F215C32244B8B9006675F7 /* Debug */ = {
			isa = XCBuildConfiguration;
			baseConfigurationReference = B1B5DECFC4FF636AE1901254 /* Pods-UploaderUITests.debug.xcconfig */;
			buildSettings = {
				ALWAYS_EMBED_SWIFT_STANDARD_LIBRARIES = YES;
				CODE_SIGN_STYLE = Automatic;
				INFOPLIST_FILE = UploaderUITests/Info.plist;
				LD_RUNPATH_SEARCH_PATHS = (
					"$(inherited)",
					"@executable_path/Frameworks",
					"@loader_path/Frameworks",
				);
				PRODUCT_BUNDLE_IDENTIFIER = com.ficow.UploaderUITests;
				PRODUCT_NAME = "$(TARGET_NAME)";
				SWIFT_VERSION = 4.2;
				TARGETED_DEVICE_FAMILY = "1,2";
				TEST_TARGET_NAME = Uploader;
			};
			name = Debug;
		};
		89F215C42244B8B9006675F7 /* Release */ = {
			isa = XCBuildConfiguration;
			baseConfigurationReference = 28F49CE1067664CCAAE61C39 /* Pods-UploaderUITests.release.xcconfig */;
			buildSettings = {
				ALWAYS_EMBED_SWIFT_STANDARD_LIBRARIES = YES;
				CODE_SIGN_STYLE = Automatic;
				INFOPLIST_FILE = UploaderUITests/Info.plist;
				LD_RUNPATH_SEARCH_PATHS = (
					"$(inherited)",
					"@executable_path/Frameworks",
					"@loader_path/Frameworks",
				);
				PRODUCT_BUNDLE_IDENTIFIER = com.ficow.UploaderUITests;
				PRODUCT_NAME = "$(TARGET_NAME)";
				SWIFT_VERSION = 4.2;
				TARGETED_DEVICE_FAMILY = "1,2";
				TEST_TARGET_NAME = Uploader;
			};
			name = Release;
		};
/* End XCBuildConfiguration section */

/* Begin XCConfigurationList section */
		89F2158F2244B8B8006675F7 /* Build configuration list for PBXProject "Uploader" */ = {
			isa = XCConfigurationList;
			buildConfigurations = (
				89F215BA2244B8B9006675F7 /* Debug */,
				89F215BB2244B8B9006675F7 /* Release */,
			);
			defaultConfigurationIsVisible = 0;
			defaultConfigurationName = Release;
		};
		89F215BC2244B8B9006675F7 /* Build configuration list for PBXNativeTarget "Uploader" */ = {
			isa = XCConfigurationList;
			buildConfigurations = (
				89F215BD2244B8B9006675F7 /* Debug */,
				89F215BE2244B8B9006675F7 /* Release */,
			);
			defaultConfigurationIsVisible = 0;
			defaultConfigurationName = Release;
		};
		89F215BF2244B8B9006675F7 /* Build configuration list for PBXNativeTarget "UploaderTests" */ = {
			isa = XCConfigurationList;
			buildConfigurations = (
				89F215C02244B8B9006675F7 /* Debug */,
				89F215C12244B8B9006675F7 /* Release */,
			);
			defaultConfigurationIsVisible = 0;
			defaultConfigurationName = Release;
		};
		89F215C22244B8B9006675F7 /* Build configuration list for PBXNativeTarget "UploaderUITests" */ = {
			isa = XCConfigurationList;
			buildConfigurations = (
				89F215C32244B8B9006675F7 /* Debug */,
				89F215C42244B8B9006675F7 /* Release */,
			);
			defaultConfigurationIsVisible = 0;
			defaultConfigurationName = Release;
		};
/* End XCConfigurationList section */
	};
	rootObject = 89F2158C2244B8B8006675F7 /* Project object */;
}
